// !$*UTF8*$!
{
	archiveVersion = 1;
	classes = {
	};
	objectVersion = 56;
	objects = {

/* Begin PBXBuildFile section */
		8422437328E5CFA700F07613 /* FloatingButton.swift in Sources */ = {isa = PBXBuildFile; fileRef = 8422437228E5CFA700F07613 /* FloatingButton.swift */; };
		84727E2128DCCB8A00905C4F /* AccessibilityDemoApp.swift in Sources */ = {isa = PBXBuildFile; fileRef = 84727E2028DCCB8A00905C4F /* AccessibilityDemoApp.swift */; };
		84727E2528DCCB8E00905C4F /* Assets.xcassets in Resources */ = {isa = PBXBuildFile; fileRef = 84727E2428DCCB8E00905C4F /* Assets.xcassets */; };
		84727E2828DCCB8E00905C4F /* Preview Assets.xcassets in Resources */ = {isa = PBXBuildFile; fileRef = 84727E2728DCCB8E00905C4F /* Preview Assets.xcassets */; };
		84727E3028DCCBCD00905C4F /* AXMonitor.swift in Sources */ = {isa = PBXBuildFile; fileRef = 84727E2F28DCCBCD00905C4F /* AXMonitor.swift */; };
		84727E3428DCCE1100905C4F /* AXUIElement+extension.swift in Sources */ = {isa = PBXBuildFile; fileRef = 84727E3328DCCE1100905C4F /* AXUIElement+extension.swift */; };
		84E27C7528ECB8C40017A93F /* FloatingActionsView.swift in Sources */ = {isa = PBXBuildFile; fileRef = 84E27C7428ECB8C40017A93F /* FloatingActionsView.swift */; };
/* End PBXBuildFile section */

/* Begin PBXFileReference section */
		8422437228E5CFA700F07613 /* FloatingButton.swift */ = {isa = PBXFileReference; lastKnownFileType = sourcecode.swift; path = FloatingButton.swift; sourceTree = "<group>"; };
		84727E1D28DCCB8A00905C4F /* AccessibilityDemo.app */ = {isa = PBXFileReference; explicitFileType = wrapper.application; includeInIndex = 0; path = AccessibilityDemo.app; sourceTree = BUILT_PRODUCTS_DIR; };
		84727E2028DCCB8A00905C4F /* AccessibilityDemoApp.swift */ = {isa = PBXFileReference; lastKnownFileType = sourcecode.swift; path = AccessibilityDemoApp.swift; sourceTree = "<group>"; };
		84727E2428DCCB8E00905C4F /* Assets.xcassets */ = {isa = PBXFileReference; lastKnownFileType = folder.assetcatalog; path = Assets.xcassets; sourceTree = "<group>"; };
		84727E2728DCCB8E00905C4F /* Preview Assets.xcassets */ = {isa = PBXFileReference; lastKnownFileType = folder.assetcatalog; path = "Preview Assets.xcassets"; sourceTree = "<group>"; };
		84727E2928DCCB8E00905C4F /* AccessibilityDemo.entitlements */ = {isa = PBXFileReference; lastKnownFileType = text.plist.entitlements; path = AccessibilityDemo.entitlements; sourceTree = "<group>"; };
		84727E2F28DCCBCD00905C4F /* AXMonitor.swift */ = {isa = PBXFileReference; lastKnownFileType = sourcecode.swift; path = AXMonitor.swift; sourceTree = "<group>"; };
		84727E3328DCCE1100905C4F /* AXUIElement+extension.swift */ = {isa = PBXFileReference; lastKnownFileType = sourcecode.swift; path = "AXUIElement+extension.swift"; sourceTree = "<group>"; };
		84E27C7428ECB8C40017A93F /* FloatingActionsView.swift */ = {isa = PBXFileReference; lastKnownFileType = sourcecode.swift; path = FloatingActionsView.swift; sourceTree = "<group>"; };
/* End PBXFileReference section */

/* Begin PBXFrameworksBuildPhase section */
		84727E1A28DCCB8A00905C4F /* Frameworks */ = {
			isa = PBXFrameworksBuildPhase;
			buildActionMask = 2147483647;
			files = (
			);
			runOnlyForDeploymentPostprocessing = 0;
		};
/* End PBXFrameworksBuildPhase section */

/* Begin PBXGroup section */
		84727E1428DCCB8A00905C4F = {
			isa = PBXGroup;
			children = (
				84727E1F28DCCB8A00905C4F /* AccessibilityDemo */,
				84727E1E28DCCB8A00905C4F /* Products */,
			);
			sourceTree = "<group>";
		};
		84727E1E28DCCB8A00905C4F /* Products */ = {
			isa = PBXGroup;
			children = (
				84727E1D28DCCB8A00905C4F /* AccessibilityDemo.app */,
			);
			name = Products;
			sourceTree = "<group>";
		};
		84727E1F28DCCB8A00905C4F /* AccessibilityDemo */ = {
			isa = PBXGroup;
			children = (
				84727E2028DCCB8A00905C4F /* AccessibilityDemoApp.swift */,
				84727E3328DCCE1100905C4F /* AXUIElement+extension.swift */,
				84727E2F28DCCBCD00905C4F /* AXMonitor.swift */,
				8422437228E5CFA700F07613 /* FloatingButton.swift */,
				84E27C7428ECB8C40017A93F /* FloatingActionsView.swift */,
				84727E2428DCCB8E00905C4F /* Assets.xcassets */,
				84727E2928DCCB8E00905C4F /* AccessibilityDemo.entitlements */,
				84727E2628DCCB8E00905C4F /* Preview Content */,
			);
			path = AccessibilityDemo;
			sourceTree = "<group>";
		};
		84727E2628DCCB8E00905C4F /* Preview Content */ = {
			isa = PBXGroup;
			children = (
				84727E2728DCCB8E00905C4F /* Preview Assets.xcassets */,
			);
			path = "Preview Content";
			sourceTree = "<group>";
		};
/* End PBXGroup section */

/* Begin PBXNativeTarget section */
		84727E1C28DCCB8A00905C4F /* AccessibilityDemo */ = {
			isa = PBXNativeTarget;
			buildConfigurationList = 84727E2C28DCCB8E00905C4F /* Build configuration list for PBXNativeTarget "AccessibilityDemo" */;
			buildPhases = (
				84727E1928DCCB8A00905C4F /* Sources */,
				84727E1A28DCCB8A00905C4F /* Frameworks */,
				84727E1B28DCCB8A00905C4F /* Resources */,
			);
			buildRules = (
			);
			dependencies = (
			);
			name = AccessibilityDemo;
			productName = AccessibilityDemo;
			productReference = 84727E1D28DCCB8A00905C4F /* AccessibilityDemo.app */;
			productType = "com.apple.product-type.application";
		};
/* End PBXNativeTarget section */

/* Begin PBXProject section */
		84727E1528DCCB8A00905C4F /* Project object */ = {
			isa = PBXProject;
			attributes = {
				BuildIndependentTargetsInParallel = 1;
				LastSwiftUpdateCheck = 1400;
				LastUpgradeCheck = 1400;
				TargetAttributes = {
					84727E1C28DCCB8A00905C4F = {
						CreatedOnToolsVersion = 14.0;
					};
				};
			};
			buildConfigurationList = 84727E1828DCCB8A00905C4F /* Build configuration list for PBXProject "AccessibilityDemo" */;
			compatibilityVersion = "Xcode 14.0";
			developmentRegion = en;
			hasScannedForEncodings = 0;
			knownRegions = (
				en,
				Base,
			);
			mainGroup = 84727E1428DCCB8A00905C4F;
			productRefGroup = 84727E1E28DCCB8A00905C4F /* Products */;
			projectDirPath = "";
			projectRoot = "";
			targets = (
				84727E1C28DCCB8A00905C4F /* AccessibilityDemo */,
			);
		};
/* End PBXProject section */

/* Begin PBXResourcesBuildPhase section */
		84727E1B28DCCB8A00905C4F /* Resources */ = {
			isa = PBXResourcesBuildPhase;
			buildActionMask = 2147483647;
			files = (
				84727E2828DCCB8E00905C4F /* Preview Assets.xcassets in Resources */,
				84727E2528DCCB8E00905C4F /* Assets.xcassets in Resources */,
			);
			runOnlyForDeploymentPostprocessing = 0;
		};
/* End PBXResourcesBuildPhase section */

/* Begin PBXSourcesBuildPhase section */
		84727E1928DCCB8A00905C4F /* Sources */ = {
			isa = PBXSourcesBuildPhase;
			buildActionMask = 2147483647;
			files = (
				84727E3428DCCE1100905C4F /* AXUIElement+extension.swift in Sources */,
				8422437328E5CFA700F07613 /* FloatingButton.swift in Sources */,
				84E27C7528ECB8C40017A93F /* FloatingActionsView.swift in Sources */,
				84727E3028DCCBCD00905C4F /* AXMonitor.swift in Sources */,
				84727E2128DCCB8A00905C4F /* AccessibilityDemoApp.swift in Sources */,
			);
			runOnlyForDeploymentPostprocessing = 0;
		};
/* End PBXSourcesBuildPhase section */

/* Begin XCBuildConfiguration section */
		84727E2A28DCCB8E00905C4F /* Debug */ = {
			isa = XCBuildConfiguration;
			buildSettings = {
				ALWAYS_SEARCH_USER_PATHS = NO;
				CLANG_ANALYZER_NONNULL = YES;
				CLANG_ANALYZER_NUMBER_OBJECT_CONVERSION = YES_AGGRESSIVE;
				CLANG_CXX_LANGUAGE_STANDARD = "gnu++20";
				CLANG_ENABLE_MODULES = YES;
				CLANG_ENABLE_OBJC_ARC = YES;
				CLANG_ENABLE_OBJC_WEAK = YES;
				CLANG_WARN_BLOCK_CAPTURE_AUTORELEASING = YES;
				CLANG_WARN_BOOL_CONVERSION = YES;
				CLANG_WARN_COMMA = YES;
				CLANG_WARN_CONSTANT_CONVERSION = YES;
				CLANG_WARN_DEPRECATED_OBJC_IMPLEMENTATIONS = YES;
				CLANG_WARN_DIRECT_OBJC_ISA_USAGE = YES_ERROR;
				CLANG_WARN_DOCUMENTATION_COMMENTS = YES;
				CLANG_WARN_EMPTY_BODY = YES;
				CLANG_WARN_ENUM_CONVERSION = YES;
				CLANG_WARN_INFINITE_RECURSION = YES;
				CLANG_WARN_INT_CONVERSION = YES;
				CLANG_WARN_NON_LITERAL_NULL_CONVERSION = YES;
				CLANG_WARN_OBJC_IMPLICIT_RETAIN_SELF = YES;
				CLANG_WARN_OBJC_LITERAL_CONVERSION = YES;
				CLANG_WARN_OBJC_ROOT_CLASS = YES_ERROR;
				CLANG_WARN_QUOTED_INCLUDE_IN_FRAMEWORK_HEADER = YES;
				CLANG_WARN_RANGE_LOOP_ANALYSIS = YES;
				CLANG_WARN_STRICT_PROTOTYPES = YES;
				CLANG_WARN_SUSPICIOUS_MOVE = YES;
				CLANG_WARN_UNGUARDED_AVAILABILITY = YES_AGGRESSIVE;
				CLANG_WARN_UNREACHABLE_CODE = YES;
				CLANG_WARN__DUPLICATE_METHOD_MATCH = YES;
				COPY_PHASE_STRIP = NO;
				DEBUG_INFORMATION_FORMAT = dwarf;
				ENABLE_STRICT_OBJC_MSGSEND = YES;
				ENABLE_TESTABILITY = YES;
				GCC_C_LANGUAGE_STANDARD = gnu11;
				GCC_DYNAMIC_NO_PIC = NO;
				GCC_NO_COMMON_BLOCKS = YES;
				GCC_OPTIMIZATION_LEVEL = 0;
				GCC_PREPROCESSOR_DEFINITIONS = (
					"DEBUG=1",
					"$(inherited)",
				);
				GCC_WARN_64_TO_32_BIT_CONVERSION = YES;
				GCC_WARN_ABOUT_RETURN_TYPE = YES_ERROR;
				GCC_WARN_UNDECLARED_SELECTOR = YES;
				GCC_WARN_UNINITIALIZED_AUTOS = YES_AGGRESSIVE;
				GCC_WARN_UNUSED_FUNCTION = YES;
				GCC_WARN_UNUSED_VARIABLE = YES;
				MACOSX_DEPLOYMENT_TARGET = 13.0;
				MTL_ENABLE_DEBUG_INFO = INCLUDE_SOURCE;
				MTL_FAST_MATH = YES;
				ONLY_ACTIVE_ARCH = YES;
				SDKROOT = macosx;
				SWIFT_ACTIVE_COMPILATION_CONDITIONS = DEBUG;
				SWIFT_OPTIMIZATION_LEVEL = "-Onone";
			};
			name = Debug;
		};
		84727E2B28DCCB8E00905C4F /* Release */ = {
			isa = XCBuildConfiguration;
			buildSettings = {
				ALWAYS_SEARCH_USER_PATHS = NO;
				CLANG_ANALYZER_NONNULL = YES;
				CLANG_ANALYZER_NUMBER_OBJECT_CONVERSION = YES_AGGRESSIVE;
				CLANG_CXX_LANGUAGE_STANDARD = "gnu++20";
				CLANG_ENABLE_MODULES = YES;
				CLANG_ENABLE_OBJC_ARC = YES;
				CLANG_ENABLE_OBJC_WEAK = YES;
				CLANG_WARN_BLOCK_CAPTURE_AUTORELEASING = YES;
				CLANG_WARN_BOOL_CONVERSION = YES;
				CLANG_WARN_COMMA = YES;
				CLANG_WARN_CONSTANT_CONVERSION = YES;
				CLANG_WARN_DEPRECATED_OBJC_IMPLEMENTATIONS = YES;
				CLANG_WARN_DIRECT_OBJC_ISA_USAGE = YES_ERROR;
				CLANG_WARN_DOCUMENTATION_COMMENTS = YES;
				CLANG_WARN_EMPTY_BODY = YES;
				CLANG_WARN_ENUM_CONVERSION = YES;
				CLANG_WARN_INFINITE_RECURSION = YES;
				CLANG_WARN_INT_CONVERSION = YES;
				CLANG_WARN_NON_LITERAL_NULL_CONVERSION = YES;
				CLANG_WARN_OBJC_IMPLICIT_RETAIN_SELF = YES;
				CLANG_WARN_OBJC_LITERAL_CONVERSION = YES;
				CLANG_WARN_OBJC_ROOT_CLASS = YES_ERROR;
				CLANG_WARN_QUOTED_INCLUDE_IN_FRAMEWORK_HEADER = YES;
				CLANG_WARN_RANGE_LOOP_ANALYSIS = YES;
				CLANG_WARN_STRICT_PROTOTYPES = YES;
				CLANG_WARN_SUSPICIOUS_MOVE = YES;
				CLANG_WARN_UNGUARDED_AVAILABILITY = YES_AGGRESSIVE;
				CLANG_WARN_UNREACHABLE_CODE = YES;
				CLANG_WARN__DUPLICATE_METHOD_MATCH = YES;
				COPY_PHASE_STRIP = NO;
				DEBUG_INFORMATION_FORMAT = "dwarf-with-dsym";
				ENABLE_NS_ASSERTIONS = NO;
				ENABLE_STRICT_OBJC_MSGSEND = YES;
				GCC_C_LANGUAGE_STANDARD = gnu11;
				GCC_NO_COMMON_BLOCKS = YES;
				GCC_WARN_64_TO_32_BIT_CONVERSION = YES;
				GCC_WARN_ABOUT_RETURN_TYPE = YES_ERROR;
				GCC_WARN_UNDECLARED_SELECTOR = YES;
				GCC_WARN_UNINITIALIZED_AUTOS = YES_AGGRESSIVE;
				GCC_WARN_UNUSED_FUNCTION = YES;
				GCC_WARN_UNUSED_VARIABLE = YES;
				MACOSX_DEPLOYMENT_TARGET = 13.0;
				MTL_ENABLE_DEBUG_INFO = NO;
				MTL_FAST_MATH = YES;
				SDKROOT = macosx;
				SWIFT_COMPILATION_MODE = wholemodule;
				SWIFT_OPTIMIZATION_LEVEL = "-O";
			};
			name = Release;
		};
		84727E2D28DCCB8E00905C4F /* Debug */ = {
			isa = XCBuildConfiguration;
			buildSettings = {
				ASSETCATALOG_COMPILER_APPICON_NAME = AppIcon;
				ASSETCATALOG_COMPILER_GLOBAL_ACCENT_COLOR_NAME = AccentColor;
				CODE_SIGN_ENTITLEMENTS = AccessibilityDemo/AccessibilityDemo.entitlements;
				CODE_SIGN_STYLE = Automatic;
				COMBINE_HIDPI_IMAGES = YES;
				CURRENT_PROJECT_VERSION = 1;
				DEVELOPMENT_ASSET_PATHS = "\"AccessibilityDemo/Preview Content\"";
				DEVELOPMENT_TEAM = 9UGKUHB32V;
				ENABLE_HARDENED_RUNTIME = YES;
				ENABLE_PREVIEWS = YES;
				GENERATE_INFOPLIST_FILE = YES;
				INFOPLIST_KEY_NSHumanReadableCopyright = "";
				LD_RUNPATH_SEARCH_PATHS = (
					"$(inherited)",
					"@executable_path/../Frameworks",
				);
				MARKETING_VERSION = 1.0;
				PRODUCT_BUNDLE_IDENTIFIER = co.christiankonrad.AccessibilityDemo;
				PRODUCT_NAME = "$(TARGET_NAME)";
				SWIFT_EMIT_LOC_STRINGS = YES;
				SWIFT_VERSION = 5.0;
			};
			name = Debug;
		};
		84727E2E28DCCB8E00905C4F /* Release */ = {
			isa = XCBuildConfiguration;
			buildSettings = {
				ASSETCATALOG_COMPILER_APPICON_NAME = AppIcon;
				ASSETCATALOG_COMPILER_GLOBAL_ACCENT_COLOR_NAME = AccentColor;
				CODE_SIGN_ENTITLEMENTS = AccessibilityDemo/AccessibilityDemo.entitlements;
				CODE_SIGN_STYLE = Automatic;
				COMBINE_HIDPI_IMAGES = YES;
				CURRENT_PROJECT_VERSION = 1;
				DEVELOPMENT_ASSET_PATHS = "\"AccessibilityDemo/Preview Content\"";
				DEVELOPMENT_TEAM = 9UGKUHB32V;
				ENABLE_HARDENED_RUNTIME = YES;
				ENABLE_PREVIEWS = YES;
				GENERATE_INFOPLIST_FILE = YES;
				INFOPLIST_KEY_NSHumanReadableCopyright = "";
				LD_RUNPATH_SEARCH_PATHS = (
					"$(inherited)",
					"@executable_path/../Frameworks",
				);
				MARKETING_VERSION = 1.0;
				PRODUCT_BUNDLE_IDENTIFIER = co.christiankonrad.AccessibilityDemo;
				PRODUCT_NAME = "$(TARGET_NAME)";
				SWIFT_EMIT_LOC_STRINGS = YES;
				SWIFT_VERSION = 5.0;
			};
			name = Release;
		};
/* End XCBuildConfiguration section */

/* Begin XCConfigurationList section */
		84727E1828DCCB8A00905C4F /* Build configuration list for PBXProject "AccessibilityDemo" */ = {
			isa = XCConfigurationList;
			buildConfigurations = (
				84727E2A28DCCB8E00905C4F /* Debug */,
				84727E2B28DCCB8E00905C4F /* Release */,
			);
			defaultConfigurationIsVisible = 0;
			defaultConfigurationName = Release;
		};
		84727E2C28DCCB8E00905C4F /* Build configuration list for PBXNativeTarget "AccessibilityDemo" */ = {
			isa = XCConfigurationList;
			buildConfigurations = (
				84727E2D28DCCB8E00905C4F /* Debug */,
				84727E2E28DCCB8E00905C4F /* Release */,
			);
			defaultConfigurationIsVisible = 0;
			defaultConfigurationName = Release;
		};
/* End XCConfigurationList section */
	};
	rootObject = 84727E1528DCCB8A00905C4F /* Project object */;
}
